
Microsoft Visual Studio Solution File, Format Version 12.00
# Visual Studio Version 16
VisualStudioVersion = 16.0.32126.315
MinimumVisualStudioVersion = 10.0.40219.1
Project("{FAE04EC0-301F-11D3-BF4B-00C04F79EFBC}") = "Hackathon2022_Problema1", "Hackathon2022_Problema1\Hackathon2022_Problema1.csproj", "{28E23C15-413D-4A20-888B-04B3C804624F}"
EndProject
Global
	GlobalSection(SolutionConfigurationPlatforms) = preSolution
		Debug|Any CPU = Debug|Any CPU
		Release|Any CPU = Release|Any CPU
	EndGlobalSection
	GlobalSection(ProjectConfigurationPlatforms) = postSolution
		{28E23C15-413D-4A20-888B-04B3C804624F}.Debug|Any CPU.ActiveCfg = Debug|Any CPU
		{28E23C15-413D-4A20-888B-04B3C804624F}.Debug|Any CPU.Build.0 = Debug|Any CPU
		{28E23C15-413D-4A20-888B-04B3C804624F}.Release|Any CPU.ActiveCfg = Release|Any CPU
		{28E23C15-413D-4A20-888B-04B3C804624F}.Release|Any CPU.Build.0 = Release|Any CPU
	EndGlobalSection
	GlobalSection(SolutionProperties) = preSolution
		HideSolutionNode = FALSE
	EndGlobalSection
	GlobalSection(ExtensibilityGlobals) = postSolution
		SolutionGuid = {083FDD17-8CED-44E5-A25C-F251F6CB70CC}
	EndGlobalSection
EndGlobal
